
Microsoft Visual Studio Solution File, Format Version 12.00
# Visual Studio Version 16
VisualStudioVersion = 16.0.31424.327
MinimumVisualStudioVersion = 10.0.40219.1
Project("{9A19103F-16F7-4668-BE54-9A1E7A4F7556}") = "Locadora.WebApi", "src\Locadora.WebApi\Locadora.WebApi.csproj", "{277BBAF2-D672-4CFF-BC6C-E3AA384D1BA3}"
EndProject
Project("{9A19103F-16F7-4668-BE54-9A1E7A4F7556}") = "Locadora.Dados", "src\Locadora.Dados\Locadora.Dados.csproj", "{6FCF6536-7BFC-46FD-94C9-3B06043AF1B4}"
EndProject
Project("{9A19103F-16F7-4668-BE54-9A1E7A4F7556}") = "Locadora.Dominio", "src\Locadora.Dominio\Locadora.Dominio.csproj", "{C9D67FDF-1716-4A20-A2E6-93648C2CDA74}"
EndProject
Project("{FAE04EC0-301F-11D3-BF4B-00C04F79EFBC}") = "Locadora.Web", "src\Locadora.Web\Locadora.Web.csproj", "{CE2A0DB3-7ABC-451A-8B39-50C446490EC8}"
EndProject
Global
	GlobalSection(SolutionConfigurationPlatforms) = preSolution
		Debug|Any CPU = Debug|Any CPU
		Release|Any CPU = Release|Any CPU
	EndGlobalSection
	GlobalSection(ProjectConfigurationPlatforms) = postSolution
		{277BBAF2-D672-4CFF-BC6C-E3AA384D1BA3}.Debug|Any CPU.ActiveCfg = Debug|Any CPU
		{277BBAF2-D672-4CFF-BC6C-E3AA384D1BA3}.Debug|Any CPU.Build.0 = Debug|Any CPU
		{277BBAF2-D672-4CFF-BC6C-E3AA384D1BA3}.Release|Any CPU.ActiveCfg = Release|Any CPU
		{277BBAF2-D672-4CFF-BC6C-E3AA384D1BA3}.Release|Any CPU.Build.0 = Release|Any CPU
		{6FCF6536-7BFC-46FD-94C9-3B06043AF1B4}.Debug|Any CPU.ActiveCfg = Debug|Any CPU
		{6FCF6536-7BFC-46FD-94C9-3B06043AF1B4}.Debug|Any CPU.Build.0 = Debug|Any CPU
		{6FCF6536-7BFC-46FD-94C9-3B06043AF1B4}.Release|Any CPU.ActiveCfg = Release|Any CPU
		{6FCF6536-7BFC-46FD-94C9-3B06043AF1B4}.Release|Any CPU.Build.0 = Release|Any CPU
		{C9D67FDF-1716-4A20-A2E6-93648C2CDA74}.Debug|Any CPU.ActiveCfg = Debug|Any CPU
		{C9D67FDF-1716-4A20-A2E6-93648C2CDA74}.Debug|Any CPU.Build.0 = Debug|Any CPU
		{C9D67FDF-1716-4A20-A2E6-93648C2CDA74}.Release|Any CPU.ActiveCfg = Release|Any CPU
		{C9D67FDF-1716-4A20-A2E6-93648C2CDA74}.Release|Any CPU.Build.0 = Release|Any CPU
		{CE2A0DB3-7ABC-451A-8B39-50C446490EC8}.Debug|Any CPU.ActiveCfg = Debug|Any CPU
		{CE2A0DB3-7ABC-451A-8B39-50C446490EC8}.Debug|Any CPU.Build.0 = Debug|Any CPU
		{CE2A0DB3-7ABC-451A-8B39-50C446490EC8}.Release|Any CPU.ActiveCfg = Release|Any CPU
		{CE2A0DB3-7ABC-451A-8B39-50C446490EC8}.Release|Any CPU.Build.0 = Release|Any CPU
	EndGlobalSection
	GlobalSection(SolutionProperties) = preSolution
		HideSolutionNode = FALSE
	EndGlobalSection
	GlobalSection(ExtensibilityGlobals) = postSolution
		SolutionGuid = {D6564080-30BC-473F-94C1-C488B5D10E11}
	EndGlobalSection
EndGlobal
